
Microsoft Visual Studio Solution File, Format Version 12.00
# Visual Studio Version 17
VisualStudioVersion = 17.7.34221.43
MinimumVisualStudioVersion = 10.0.40219.1
Project("{8BC9CEB8-8B4A-11D0-8D11-00A0C91BC942}") = "Proyecto de VS", "Proyecto de VS\Proyecto de VS.vcxproj", "{331E1EF1-C283-4116-944C-469F998117ED}"
EndProject
Global
	GlobalSection(SolutionConfigurationPlatforms) = preSolution
		Debug|x64 = Debug|x64
		Debug|x86 = Debug|x86
		Release|x64 = Release|x64
		Release|x86 = Release|x86
	EndGlobalSection
	GlobalSection(ProjectConfigurationPlatforms) = postSolution
		{331E1EF1-C283-4116-944C-469F998117ED}.Debug|x64.ActiveCfg = Debug|x64
		{331E1EF1-C283-4116-944C-469F998117ED}.Debug|x64.Build.0 = Debug|x64
		{331E1EF1-C283-4116-944C-469F998117ED}.Debug|x86.ActiveCfg = Debug|Win32
		{331E1EF1-C283-4116-944C-469F998117ED}.Debug|x86.Build.0 = Debug|Win32
		{331E1EF1-C283-4116-944C-469F998117ED}.Release|x64.ActiveCfg = Release|x64
		{331E1EF1-C283-4116-944C-469F998117ED}.Release|x64.Build.0 = Release|x64
		{331E1EF1-C283-4116-944C-469F998117ED}.Release|x86.ActiveCfg = Release|Win32
		{331E1EF1-C283-4116-944C-469F998117ED}.Release|x86.Build.0 = Release|Win32
	EndGlobalSection
	GlobalSection(SolutionProperties) = preSolution
		HideSolutionNode = FALSE
	EndGlobalSection
	GlobalSection(ExtensibilityGlobals) = postSolution
		SolutionGuid = {501FD1D7-9542-4261-8A5C-0DD75505D7D7}
	EndGlobalSection
EndGlobal
